// !$*UTF8*$!
{
	archiveVersion = 1;
	classes = {
	};
	objectVersion = 50;
	objects = {

/* Begin PBXBuildFile section */
		428B85BF2497878900118564 /* WeatherViewModel.swift in Sources */ = {isa = PBXBuildFile; fileRef = 428B85BE2497878900118564 /* WeatherViewModel.swift */; };
		42EAD8F224966295004D83DE /* AppDelegate.swift in Sources */ = {isa = PBXBuildFile; fileRef = 42EAD8F124966295004D83DE /* AppDelegate.swift */; };
		42EAD8F424966295004D83DE /* SceneDelegate.swift in Sources */ = {isa = PBXBuildFile; fileRef = 42EAD8F324966295004D83DE /* SceneDelegate.swift */; };
		42EAD8F624966295004D83DE /* ContentView.swift in Sources */ = {isa = PBXBuildFile; fileRef = 42EAD8F524966295004D83DE /* ContentView.swift */; };
		42EAD8F824966297004D83DE /* Assets.xcassets in Resources */ = {isa = PBXBuildFile; fileRef = 42EAD8F724966297004D83DE /* Assets.xcassets */; };
		42EAD8FB24966297004D83DE /* Preview Assets.xcassets in Resources */ = {isa = PBXBuildFile; fileRef = 42EAD8FA24966297004D83DE /* Preview Assets.xcassets */; };
		42EAD8FE24966297004D83DE /* LaunchScreen.storyboard in Resources */ = {isa = PBXBuildFile; fileRef = 42EAD8FC24966297004D83DE /* LaunchScreen.storyboard */; };
		42EAD9072496AED7004D83DE /* Weather.swift in Sources */ = {isa = PBXBuildFile; fileRef = 42EAD9062496AED7004D83DE /* Weather.swift */; };
		42EAD90A2496AF7C004D83DE /* WeatherService.swift in Sources */ = {isa = PBXBuildFile; fileRef = 42EAD9092496AF7C004D83DE /* WeatherService.swift */; };
/* End PBXBuildFile section */

/* Begin PBXFileReference section */
		428B85BE2497878900118564 /* WeatherViewModel.swift */ = {isa = PBXFileReference; lastKnownFileType = sourcecode.swift; path = WeatherViewModel.swift; sourceTree = "<group>"; };
		42EAD8EE24966295004D83DE /* weatherSwiftUII.app */ = {isa = PBXFileReference; explicitFileType = wrapper.application; includeInIndex = 0; path = weatherSwiftUII.app; sourceTree = BUILT_PRODUCTS_DIR; };
		42EAD8F124966295004D83DE /* AppDelegate.swift */ = {isa = PBXFileReference; lastKnownFileType = sourcecode.swift; path = AppDelegate.swift; sourceTree = "<group>"; };
		42EAD8F324966295004D83DE /* SceneDelegate.swift */ = {isa = PBXFileReference; lastKnownFileType = sourcecode.swift; path = SceneDelegate.swift; sourceTree = "<group>"; };
		42EAD8F524966295004D83DE /* ContentView.swift */ = {isa = PBXFileReference; lastKnownFileType = sourcecode.swift; path = ContentView.swift; sourceTree = "<group>"; };
		42EAD8F724966297004D83DE /* Assets.xcassets */ = {isa = PBXFileReference; lastKnownFileType = folder.assetcatalog; path = Assets.xcassets; sourceTree = "<group>"; };
		42EAD8FA24966297004D83DE /* Preview Assets.xcassets */ = {isa = PBXFileReference; lastKnownFileType = folder.assetcatalog; path = "Preview Assets.xcassets"; sourceTree = "<group>"; };
		42EAD8FD24966297004D83DE /* Base */ = {isa = PBXFileReference; lastKnownFileType = file.storyboard; name = Base; path = Base.lproj/LaunchScreen.storyboard; sourceTree = "<group>"; };
		42EAD8FF24966297004D83DE /* Info.plist */ = {isa = PBXFileReference; lastKnownFileType = text.plist.xml; path = Info.plist; sourceTree = "<group>"; };
		42EAD9062496AED7004D83DE /* Weather.swift */ = {isa = PBXFileReference; lastKnownFileType = sourcecode.swift; path = Weather.swift; sourceTree = "<group>"; };
		42EAD9092496AF7C004D83DE /* WeatherService.swift */ = {isa = PBXFileReference; lastKnownFileType = sourcecode.swift; path = WeatherService.swift; sourceTree = "<group>"; };
/* End PBXFileReference section */

/* Begin PBXFrameworksBuildPhase section */
		42EAD8EB24966295004D83DE /* Frameworks */ = {
			isa = PBXFrameworksBuildPhase;
			buildActionMask = 2147483647;
			files = (
			);
			runOnlyForDeploymentPostprocessing = 0;
		};
/* End PBXFrameworksBuildPhase section */

/* Begin PBXGroup section */
		428B85BD2497876A00118564 /* WeatherViewModel */ = {
			isa = PBXGroup;
			children = (
				428B85BE2497878900118564 /* WeatherViewModel.swift */,
			);
			path = WeatherViewModel;
			sourceTree = "<group>";
		};
		428B85C0249792FC00118564 /* View */ = {
			isa = PBXGroup;
			children = (
				42EAD8F524966295004D83DE /* ContentView.swift */,
			);
			path = View;
			sourceTree = "<group>";
		};
		42EAD8E524966295004D83DE = {
			isa = PBXGroup;
			children = (
				42EAD8F024966295004D83DE /* weatherSwiftUII */,
				42EAD8EF24966295004D83DE /* Products */,
			);
			sourceTree = "<group>";
		};
		42EAD8EF24966295004D83DE /* Products */ = {
			isa = PBXGroup;
			children = (
				42EAD8EE24966295004D83DE /* weatherSwiftUII.app */,
			);
			name = Products;
			sourceTree = "<group>";
		};
		42EAD8F024966295004D83DE /* weatherSwiftUII */ = {
			isa = PBXGroup;
			children = (
				428B85C0249792FC00118564 /* View */,
				428B85BD2497876A00118564 /* WeatherViewModel */,
				42EAD9082496AF37004D83DE /* Webservice */,
				42EAD9052496AEC3004D83DE /* Models */,
				42EAD8F124966295004D83DE /* AppDelegate.swift */,
				42EAD8F324966295004D83DE /* SceneDelegate.swift */,
				42EAD8F724966297004D83DE /* Assets.xcassets */,
				42EAD8FC24966297004D83DE /* LaunchScreen.storyboard */,
				42EAD8FF24966297004D83DE /* Info.plist */,
				42EAD8F924966297004D83DE /* Preview Content */,
			);
			path = weatherSwiftUII;
			sourceTree = "<group>";
		};
		42EAD8F924966297004D83DE /* Preview Content */ = {
			isa = PBXGroup;
			children = (
				42EAD8FA24966297004D83DE /* Preview Assets.xcassets */,
			);
			path = "Preview Content";
			sourceTree = "<group>";
		};
		42EAD9052496AEC3004D83DE /* Models */ = {
			isa = PBXGroup;
			children = (
				42EAD9062496AED7004D83DE /* Weather.swift */,
			);
			path = Models;
			sourceTree = "<group>";
		};
		42EAD9082496AF37004D83DE /* Webservice */ = {
			isa = PBXGroup;
			children = (
				42EAD9092496AF7C004D83DE /* WeatherService.swift */,
			);
			path = Webservice;
			sourceTree = "<group>";
		};
/* End PBXGroup section */

/* Begin PBXNativeTarget section */
		42EAD8ED24966295004D83DE /* weatherSwiftUII */ = {
			isa = PBXNativeTarget;
			buildConfigurationList = 42EAD90224966297004D83DE /* Build configuration list for PBXNativeTarget "weatherSwiftUII" */;
			buildPhases = (
				42EAD8EA24966295004D83DE /* Sources */,
				42EAD8EB24966295004D83DE /* Frameworks */,
				42EAD8EC24966295004D83DE /* Resources */,
			);
			buildRules = (
			);
			dependencies = (
			);
			name = weatherSwiftUII;
			productName = weatherSwiftUII;
			productReference = 42EAD8EE24966295004D83DE /* weatherSwiftUII.app */;
			productType = "com.apple.product-type.application";
		};
/* End PBXNativeTarget section */

/* Begin PBXProject section */
		42EAD8E624966295004D83DE /* Project object */ = {
			isa = PBXProject;
			attributes = {
				LastSwiftUpdateCheck = 1150;
				LastUpgradeCheck = 1150;
				ORGANIZATIONNAME = nawaf;
				TargetAttributes = {
					42EAD8ED24966295004D83DE = {
						CreatedOnToolsVersion = 11.5;
					};
				};
			};
			buildConfigurationList = 42EAD8E924966295004D83DE /* Build configuration list for PBXProject "weatherSwiftUII" */;
			compatibilityVersion = "Xcode 9.3";
			developmentRegion = en;
			hasScannedForEncodings = 0;
			knownRegions = (
				en,
				Base,
			);
			mainGroup = 42EAD8E524966295004D83DE;
			productRefGroup = 42EAD8EF24966295004D83DE /* Products */;
			projectDirPath = "";
			projectRoot = "";
			targets = (
				42EAD8ED24966295004D83DE /* weatherSwiftUII */,
			);
		};
/* End PBXProject section */

/* Begin PBXResourcesBuildPhase section */
		42EAD8EC24966295004D83DE /* Resources */ = {
			isa = PBXResourcesBuildPhase;
			buildActionMask = 2147483647;
			files = (
				42EAD8FE24966297004D83DE /* LaunchScreen.storyboard in Resources */,
				42EAD8FB24966297004D83DE /* Preview Assets.xcassets in Resources */,
				42EAD8F824966297004D83DE /* Assets.xcassets in Resources */,
			);
			runOnlyForDeploymentPostprocessing = 0;
		};
/* End PBXResourcesBuildPhase section */

/* Begin PBXSourcesBuildPhase section */
		42EAD8EA24966295004D83DE /* Sources */ = {
			isa = PBXSourcesBuildPhase;
			buildActionMask = 2147483647;
			files = (
				42EAD90A2496AF7C004D83DE /* WeatherService.swift in Sources */,
				428B85BF2497878900118564 /* WeatherViewModel.swift in Sources */,
				42EAD9072496AED7004D83DE /* Weather.swift in Sources */,
				42EAD8F224966295004D83DE /* AppDelegate.swift in Sources */,
				42EAD8F424966295004D83DE /* SceneDelegate.swift in Sources */,
				42EAD8F624966295004D83DE /* ContentView.swift in Sources */,
			);
			runOnlyForDeploymentPostprocessing = 0;
		};
/* End PBXSourcesBuildPhase section */

/* Begin PBXVariantGroup section */
		42EAD8FC24966297004D83DE /* LaunchScreen.storyboard */ = {
			isa = PBXVariantGroup;
			children = (
				42EAD8FD24966297004D83DE /* Base */,
			);
			name = LaunchScreen.storyboard;
			sourceTree = "<group>";
		};
/* End PBXVariantGroup section */

/* Begin XCBuildConfiguration section */
		42EAD90024966297004D83DE /* Debug */ = {
			isa = XCBuildConfiguration;
			buildSettings = {
				ALWAYS_SEARCH_USER_PATHS = NO;
				CLANG_ANALYZER_NONNULL = YES;
				CLANG_ANALYZER_NUMBER_OBJECT_CONVERSION = YES_AGGRESSIVE;
				CLANG_CXX_LANGUAGE_STANDARD = "gnu++14";
				CLANG_CXX_LIBRARY = "libc++";
				CLANG_ENABLE_MODULES = YES;
				CLANG_ENABLE_OBJC_ARC = YES;
				CLANG_ENABLE_OBJC_WEAK = YES;
				CLANG_WARN_BLOCK_CAPTURE_AUTORELEASING = YES;
				CLANG_WARN_BOOL_CONVERSION = YES;
				CLANG_WARN_COMMA = YES;
				CLANG_WARN_CONSTANT_CONVERSION = YES;
				CLANG_WARN_DEPRECATED_OBJC_IMPLEMENTATIONS = YES;
				CLANG_WARN_DIRECT_OBJC_ISA_USAGE = YES_ERROR;
				CLANG_WARN_DOCUMENTATION_COMMENTS = YES;
				CLANG_WARN_EMPTY_BODY = YES;
				CLANG_WARN_ENUM_CONVERSION = YES;
				CLANG_WARN_INFINITE_RECURSION = YES;
				CLANG_WARN_INT_CONVERSION = YES;
				CLANG_WARN_NON_LITERAL_NULL_CONVERSION = YES;
				CLANG_WARN_OBJC_IMPLICIT_RETAIN_SELF = YES;
				CLANG_WARN_OBJC_LITERAL_CONVERSION = YES;
				CLANG_WARN_OBJC_ROOT_CLASS = YES_ERROR;
				CLANG_WARN_RANGE_LOOP_ANALYSIS = YES;
				CLANG_WARN_STRICT_PROTOTYPES = YES;
				CLANG_WARN_SUSPICIOUS_MOVE = YES;
				CLANG_WARN_UNGUARDED_AVAILABILITY = YES_AGGRESSIVE;
				CLANG_WARN_UNREACHABLE_CODE = YES;
				CLANG_WARN__DUPLICATE_METHOD_MATCH = YES;
				COPY_PHASE_STRIP = NO;
				DEBUG_INFORMATION_FORMAT = dwarf;
				ENABLE_STRICT_OBJC_MSGSEND = YES;
				ENABLE_TESTABILITY = YES;
				GCC_C_LANGUAGE_STANDARD = gnu11;
				GCC_DYNAMIC_NO_PIC = NO;
				GCC_NO_COMMON_BLOCKS = YES;
				GCC_OPTIMIZATION_LEVEL = 0;
				GCC_PREPROCESSOR_DEFINITIONS = (
					"DEBUG=1",
					"$(inherited)",
				);
				GCC_WARN_64_TO_32_BIT_CONVERSION = YES;
				GCC_WARN_ABOUT_RETURN_TYPE = YES_ERROR;
				GCC_WARN_UNDECLARED_SELECTOR = YES;
				GCC_WARN_UNINITIALIZED_AUTOS = YES_AGGRESSIVE;
				GCC_WARN_UNUSED_FUNCTION = YES;
				GCC_WARN_UNUSED_VARIABLE = YES;
				IPHONEOS_DEPLOYMENT_TARGET = 13.5;
				MTL_ENABLE_DEBUG_INFO = INCLUDE_SOURCE;
				MTL_FAST_MATH = YES;
				ONLY_ACTIVE_ARCH = YES;
				SDKROOT = iphoneos;
				SWIFT_ACTIVE_COMPILATION_CONDITIONS = DEBUG;
				SWIFT_OPTIMIZATION_LEVEL = "-Onone";
			};
			name = Debug;
		};
		42EAD90124966297004D83DE /* Release */ = {
			isa = XCBuildConfiguration;
			buildSettings = {
				ALWAYS_SEARCH_USER_PATHS = NO;
				CLANG_ANALYZER_NONNULL = YES;
				CLANG_ANALYZER_NUMBER_OBJECT_CONVERSION = YES_AGGRESSIVE;
				CLANG_CXX_LANGUAGE_STANDARD = "gnu++14";
				CLANG_CXX_LIBRARY = "libc++";
				CLANG_ENABLE_MODULES = YES;
				CLANG_ENABLE_OBJC_ARC = YES;
				CLANG_ENABLE_OBJC_WEAK = YES;
				CLANG_WARN_BLOCK_CAPTURE_AUTORELEASING = YES;
				CLANG_WARN_BOOL_CONVERSION = YES;
				CLANG_WARN_COMMA = YES;
				CLANG_WARN_CONSTANT_CONVERSION = YES;
				CLANG_WARN_DEPRECATED_OBJC_IMPLEMENTATIONS = YES;
				CLANG_WARN_DIRECT_OBJC_ISA_USAGE = YES_ERROR;
				CLANG_WARN_DOCUMENTATION_COMMENTS = YES;
				CLANG_WARN_EMPTY_BODY = YES;
				CLANG_WARN_ENUM_CONVERSION = YES;
				CLANG_WARN_INFINITE_RECURSION = YES;
				CLANG_WARN_INT_CONVERSION = YES;
				CLANG_WARN_NON_LITERAL_NULL_CONVERSION = YES;
				CLANG_WARN_OBJC_IMPLICIT_RETAIN_SELF = YES;
				CLANG_WARN_OBJC_LITERAL_CONVERSION = YES;
				CLANG_WARN_OBJC_ROOT_CLASS = YES_ERROR;
				CLANG_WARN_RANGE_LOOP_ANALYSIS = YES;
				CLANG_WARN_STRICT_PROTOTYPES = YES;
				CLANG_WARN_SUSPICIOUS_MOVE = YES;
				CLANG_WARN_UNGUARDED_AVAILABILITY = YES_AGGRESSIVE;
				CLANG_WARN_UNREACHABLE_CODE = YES;
				CLANG_WARN__DUPLICATE_METHOD_MATCH = YES;
				COPY_PHASE_STRIP = NO;
				DEBUG_INFORMATION_FORMAT = "dwarf-with-dsym";
				ENABLE_NS_ASSERTIONS = NO;
				ENABLE_STRICT_OBJC_MSGSEND = YES;
				GCC_C_LANGUAGE_STANDARD = gnu11;
				GCC_NO_COMMON_BLOCKS = YES;
				GCC_WARN_64_TO_32_BIT_CONVERSION = YES;
				GCC_WARN_ABOUT_RETURN_TYPE = YES_ERROR;
				GCC_WARN_UNDECLARED_SELECTOR = YES;
				GCC_WARN_UNINITIALIZED_AUTOS = YES_AGGRESSIVE;
				GCC_WARN_UNUSED_FUNCTION = YES;
				GCC_WARN_UNUSED_VARIABLE = YES;
				IPHONEOS_DEPLOYMENT_TARGET = 13.5;
				MTL_ENABLE_DEBUG_INFO = NO;
				MTL_FAST_MATH = YES;
				SDKROOT = iphoneos;
				SWIFT_COMPILATION_MODE = wholemodule;
				SWIFT_OPTIMIZATION_LEVEL = "-O";
				VALIDATE_PRODUCT = YES;
			};
			name = Release;
		};
		42EAD90324966297004D83DE /* Debug */ = {
			isa = XCBuildConfiguration;
			buildSettings = {
				ASSETCATALOG_COMPILER_APPICON_NAME = AppIcon;
				CODE_SIGN_STYLE = Automatic;
				DEVELOPMENT_ASSET_PATHS = "\"weatherSwiftUII/Preview Content\"";
				DEVELOPMENT_TEAM = 47L6JQ269G;
				ENABLE_PREVIEWS = YES;
				INFOPLIST_FILE = weatherSwiftUII/Info.plist;
				LD_RUNPATH_SEARCH_PATHS = (
					"$(inherited)",
					"@executable_path/Frameworks",
				);
				PRODUCT_BUNDLE_IDENTIFIER = nawaf.weatherSwiftUII;
				PRODUCT_NAME = "$(TARGET_NAME)";
				SWIFT_VERSION = 5.0;
				TARGETED_DEVICE_FAMILY = "1,2";
			};
			name = Debug;
		};
		42EAD90424966297004D83DE /* Release */ = {
			isa = XCBuildConfiguration;
			buildSettings = {
				ASSETCATALOG_COMPILER_APPICON_NAME = AppIcon;
				CODE_SIGN_STYLE = Automatic;
				DEVELOPMENT_ASSET_PATHS = "\"weatherSwiftUII/Preview Content\"";
				DEVELOPMENT_TEAM = 47L6JQ269G;
				ENABLE_PREVIEWS = YES;
				INFOPLIST_FILE = weatherSwiftUII/Info.plist;
				LD_RUNPATH_SEARCH_PATHS = (
					"$(inherited)",
					"@executable_path/Frameworks",
				);
				PRODUCT_BUNDLE_IDENTIFIER = nawaf.weatherSwiftUII;
				PRODUCT_NAME = "$(TARGET_NAME)";
				SWIFT_VERSION = 5.0;
				TARGETED_DEVICE_FAMILY = "1,2";
			};
			name = Release;
		};
/* End XCBuildConfiguration section */

/* Begin XCConfigurationList section */
		42EAD8E924966295004D83DE /* Build configuration list for PBXProject "weatherSwiftUII" */ = {
			isa = XCConfigurationList;
			buildConfigurations = (
				42EAD90024966297004D83DE /* Debug */,
				42EAD90124966297004D83DE /* Release */,
			);
			defaultConfigurationIsVisible = 0;
			defaultConfigurationName = Release;
		};
		42EAD90224966297004D83DE /* Build configuration list for PBXNativeTarget "weatherSwiftUII" */ = {
			isa = XCConfigurationList;
			buildConfigurations = (
				42EAD90324966297004D83DE /* Debug */,
				42EAD90424966297004D83DE /* Release */,
			);
			defaultConfigurationIsVisible = 0;
			defaultConfigurationName = Release;
		};
/* End XCConfigurationList section */
	};
	rootObject = 42EAD8E624966295004D83DE /* Project object */;
}
